
Microsoft Visual Studio Solution File, Format Version 12.00
# Visual Studio Version 16
VisualStudioVersion = 16.0.30804.86
MinimumVisualStudioVersion = 10.0.40219.1
Project("{FAE04EC0-301F-11D3-BF4B-00C04F79EFBC}") = "Ejercicioscap8y9", "Ejercicioscap8y9.csproj", "{A579AA1A-4D49-45F4-9B57-C5C0C8A48A7D}"
EndProject
Global
	GlobalSection(SolutionConfigurationPlatforms) = preSolution
		Debug|Any CPU = Debug|Any CPU
		Release|Any CPU = Release|Any CPU
	EndGlobalSection
	GlobalSection(ProjectConfigurationPlatforms) = postSolution
		{A579AA1A-4D49-45F4-9B57-C5C0C8A48A7D}.Debug|Any CPU.ActiveCfg = Debug|Any CPU
		{A579AA1A-4D49-45F4-9B57-C5C0C8A48A7D}.Debug|Any CPU.Build.0 = Debug|Any CPU
		{A579AA1A-4D49-45F4-9B57-C5C0C8A48A7D}.Release|Any CPU.ActiveCfg = Release|Any CPU
		{A579AA1A-4D49-45F4-9B57-C5C0C8A48A7D}.Release|Any CPU.Build.0 = Release|Any CPU
	EndGlobalSection
	GlobalSection(SolutionProperties) = preSolution
		HideSolutionNode = FALSE
	EndGlobalSection
	GlobalSection(ExtensibilityGlobals) = postSolution
		SolutionGuid = {05760989-06BF-423F-9CDF-3C2E0A06512F}
	EndGlobalSection
EndGlobal
